
Microsoft Visual Studio Solution File, Format Version 12.00
# Visual Studio Version 16
VisualStudioVersion = 16.0.30523.141
MinimumVisualStudioVersion = 10.0.40219.1
Project("{FAE04EC0-301F-11D3-BF4B-00C04F79EFBC}") = "RazerPagesMovie", "RazerPagesMovie\RazerPagesMovie.csproj", "{092F2CFA-CB21-43A1-BFC7-AAA74890882E}"
EndProject
Global
	GlobalSection(SolutionConfigurationPlatforms) = preSolution
		Debug|Any CPU = Debug|Any CPU
		Release|Any CPU = Release|Any CPU
	EndGlobalSection
	GlobalSection(ProjectConfigurationPlatforms) = postSolution
		{092F2CFA-CB21-43A1-BFC7-AAA74890882E}.Debug|Any CPU.ActiveCfg = Debug|Any CPU
		{092F2CFA-CB21-43A1-BFC7-AAA74890882E}.Debug|Any CPU.Build.0 = Debug|Any CPU
		{092F2CFA-CB21-43A1-BFC7-AAA74890882E}.Release|Any CPU.ActiveCfg = Release|Any CPU
		{092F2CFA-CB21-43A1-BFC7-AAA74890882E}.Release|Any CPU.Build.0 = Release|Any CPU
	EndGlobalSection
	GlobalSection(SolutionProperties) = preSolution
		HideSolutionNode = FALSE
	EndGlobalSection
	GlobalSection(ExtensibilityGlobals) = postSolution
		SolutionGuid = {0E43F664-57A7-4418-80E1-46CF7D5AF560}
	EndGlobalSection
EndGlobal
